<Solution>
  <Folder Name="/Solution Items/">
    <File Path=".github/workflows/build_deploy_ecs.yaml" />
    <File Path="Dockerfile" />
    <File Path="MCPTestServer.WebApi/Properties/launchSettings.json" />
    <File Path="README.md" />
  </Folder>
  <Project Path="AWSMCPTestServer/AWSMCPTestServer.csproj" />
  <Project Path="McpTestServer.Core/McpTestServer.Core.csproj" />
  <Project Path="MCPTestServer.WebApi/MCPTestServer.WebApi.csproj" />
</Solution>
